// !$*UTF8*$!
{
	archiveVersion = 1;
	classes = {
	};
	objectVersion = 51;
	objects = {

/* Begin PBXBuildFile section */
		0C8A3D729370C86B81A278E7 /* Pods_Marvel.framework in Frameworks */ = {isa = PBXBuildFile; fileRef = F1ABA347C55CC9AEC0966CF8 /* Pods_Marvel.framework */; };
		2B3949C0E18BE7D53756C3DB /* Pods_MarvelTests.framework in Frameworks */ = {isa = PBXBuildFile; fileRef = 8969FE121AE0E7C1C750977E /* Pods_MarvelTests.framework */; };
		A35A424AA1C5A6B4B9F73659 /* Pods_Marvel_MarvelUITests.framework in Frameworks */ = {isa = PBXBuildFile; fileRef = 95A613CDC9F84912C35538E2 /* Pods_Marvel_MarvelUITests.framework */; };
		E28849B0257E32F2000197A8 /* FeedLocalDataManager.swift in Sources */ = {isa = PBXBuildFile; fileRef = E28849A4257E32F2000197A8 /* FeedLocalDataManager.swift */; };
		E28849B1257E32F2000197A8 /* FeedRemoteDataManager.swift in Sources */ = {isa = PBXBuildFile; fileRef = E28849A5257E32F2000197A8 /* FeedRemoteDataManager.swift */; };
		E28849B2257E32F2000197A8 /* FeedPresenter.swift in Sources */ = {isa = PBXBuildFile; fileRef = E28849A7257E32F2000197A8 /* FeedPresenter.swift */; };
		E28849B3257E32F2000197A8 /* FeedView.swift in Sources */ = {isa = PBXBuildFile; fileRef = E28849A9257E32F2000197A8 /* FeedView.swift */; };
		E28849B4257E32F2000197A8 /* FeedProtocols.swift in Sources */ = {isa = PBXBuildFile; fileRef = E28849AB257E32F2000197A8 /* FeedProtocols.swift */; };
		E28849B5257E32F2000197A8 /* FeedInteractor.swift in Sources */ = {isa = PBXBuildFile; fileRef = E28849AD257E32F2000197A8 /* FeedInteractor.swift */; };
		E28849B6257E32F2000197A8 /* FeedRouter.swift in Sources */ = {isa = PBXBuildFile; fileRef = E28849AF257E32F2000197A8 /* FeedRouter.swift */; };
		E28849BE257E34BD000197A8 /* RequestAdapter.swift in Sources */ = {isa = PBXBuildFile; fileRef = E28849BD257E34BD000197A8 /* RequestAdapter.swift */; };
		E28849C8257E354A000197A8 /* NetworkLayer.swift in Sources */ = {isa = PBXBuildFile; fileRef = E28849C7257E354A000197A8 /* NetworkLayer.swift */; };
		E28849CE257E3584000197A8 /* Result.swift in Sources */ = {isa = PBXBuildFile; fileRef = E28849CD257E3584000197A8 /* Result.swift */; };
		E28849D6257E35A0000197A8 /* Request.swift in Sources */ = {isa = PBXBuildFile; fileRef = E28849D5257E35A0000197A8 /* Request.swift */; };
		E28849DB257E35F9000197A8 /* Character.swift in Sources */ = {isa = PBXBuildFile; fileRef = E28849DA257E35F9000197A8 /* Character.swift */; };
		E28849EA257E3665000197A8 /* Thumbnail.swift in Sources */ = {isa = PBXBuildFile; fileRef = E28849E9257E3665000197A8 /* Thumbnail.swift */; };
		E28849EF257E376E000197A8 /* Constants.swift in Sources */ = {isa = PBXBuildFile; fileRef = E28849EE257E376E000197A8 /* Constants.swift */; };
		E28849FE257E4BFD000197A8 /* MarvelData.swift in Sources */ = {isa = PBXBuildFile; fileRef = E28849FD257E4BFD000197A8 /* MarvelData.swift */; };
		E2884A04257E7FF6000197A8 /* CharacterCell.swift in Sources */ = {isa = PBXBuildFile; fileRef = E2884A03257E7FF6000197A8 /* CharacterCell.swift */; };
		E29C36EE25817D0100C74A3B /* DetailsRemoteDataManager.swift in Sources */ = {isa = PBXBuildFile; fileRef = E29C36E225817D0100C74A3B /* DetailsRemoteDataManager.swift */; };
		E29C36EF25817D0100C74A3B /* DetailsLocalDataManager.swift in Sources */ = {isa = PBXBuildFile; fileRef = E29C36E325817D0100C74A3B /* DetailsLocalDataManager.swift */; };
		E29C36F025817D0100C74A3B /* DetailsPresenter.swift in Sources */ = {isa = PBXBuildFile; fileRef = E29C36E525817D0100C74A3B /* DetailsPresenter.swift */; };
		E29C36F125817D0100C74A3B /* DetailsView.swift in Sources */ = {isa = PBXBuildFile; fileRef = E29C36E725817D0100C74A3B /* DetailsView.swift */; };
		E29C36F225817D0100C74A3B /* DetailsProtocols.swift in Sources */ = {isa = PBXBuildFile; fileRef = E29C36E925817D0100C74A3B /* DetailsProtocols.swift */; };
		E29C36F325817D0100C74A3B /* DetailsInteractor.swift in Sources */ = {isa = PBXBuildFile; fileRef = E29C36EB25817D0100C74A3B /* DetailsInteractor.swift */; };
		E29C36F425817D0100C74A3B /* DetailsRouter.swift in Sources */ = {isa = PBXBuildFile; fileRef = E29C36ED25817D0100C74A3B /* DetailsRouter.swift */; };
		E2A3C6F22578196E006D1B01 /* AppDelegate.swift in Sources */ = {isa = PBXBuildFile; fileRef = E2A3C6F12578196E006D1B01 /* AppDelegate.swift */; };
		E2A3C6F42578196E006D1B01 /* SceneDelegate.swift in Sources */ = {isa = PBXBuildFile; fileRef = E2A3C6F32578196E006D1B01 /* SceneDelegate.swift */; };
		E2A3C6F62578196E006D1B01 /* ViewController.swift in Sources */ = {isa = PBXBuildFile; fileRef = E2A3C6F52578196E006D1B01 /* ViewController.swift */; };
		E2A3C6F92578196E006D1B01 /* Main.storyboard in Resources */ = {isa = PBXBuildFile; fileRef = E2A3C6F72578196E006D1B01 /* Main.storyboard */; };
		E2A3C6FB2578196F006D1B01 /* Assets.xcassets in Resources */ = {isa = PBXBuildFile; fileRef = E2A3C6FA2578196F006D1B01 /* Assets.xcassets */; };
		E2A3C6FE2578196F006D1B01 /* LaunchScreen.storyboard in Resources */ = {isa = PBXBuildFile; fileRef = E2A3C6FC2578196F006D1B01 /* LaunchScreen.storyboard */; };
		E2A3C7092578196F006D1B01 /* MarvelTests.swift in Sources */ = {isa = PBXBuildFile; fileRef = E2A3C7082578196F006D1B01 /* MarvelTests.swift */; };
		E2A3C7142578196F006D1B01 /* MarvelUITests.swift in Sources */ = {isa = PBXBuildFile; fileRef = E2A3C7132578196F006D1B01 /* MarvelUITests.swift */; };
		E2A3C75925782254006D1B01 /* MainTabController.swift in Sources */ = {isa = PBXBuildFile; fileRef = E2A3C75825782254006D1B01 /* MainTabController.swift */; };
		E2A3C76A257846F5006D1B01 /* Localizable.strings in Resources */ = {isa = PBXBuildFile; fileRef = E2A3C76C257846F5006D1B01 /* Localizable.strings */; };
		E2A3C77D257847C8006D1B01 /* Extensions.swift in Sources */ = {isa = PBXBuildFile; fileRef = E2A3C77C257847C8006D1B01 /* Extensions.swift */; };
/* End PBXBuildFile section */

/* Begin PBXContainerItemProxy section */
		E2A3C7052578196F006D1B01 /* PBXContainerItemProxy */ = {
			isa = PBXContainerItemProxy;
			containerPortal = E2A3C6E62578196E006D1B01 /* Project object */;
			proxyType = 1;
			remoteGlobalIDString = E2A3C6ED2578196E006D1B01;
			remoteInfo = Marvel;
		};
		E2A3C7102578196F006D1B01 /* PBXContainerItemProxy */ = {
			isa = PBXContainerItemProxy;
			containerPortal = E2A3C6E62578196E006D1B01 /* Project object */;
			proxyType = 1;
			remoteGlobalIDString = E2A3C6ED2578196E006D1B01;
			remoteInfo = Marvel;
		};
/* End PBXContainerItemProxy section */

/* Begin PBXFileReference section */
		323E7B7328D030A1E3009394 /* Pods-Marvel.release.xcconfig */ = {isa = PBXFileReference; includeInIndex = 1; lastKnownFileType = text.xcconfig; name = "Pods-Marvel.release.xcconfig"; path = "Target Support Files/Pods-Marvel/Pods-Marvel.release.xcconfig"; sourceTree = "<group>"; };
		700F06D01A1414344B4E7657 /* Pods-Marvel-MarvelUITests.release.xcconfig */ = {isa = PBXFileReference; includeInIndex = 1; lastKnownFileType = text.xcconfig; name = "Pods-Marvel-MarvelUITests.release.xcconfig"; path = "Target Support Files/Pods-Marvel-MarvelUITests/Pods-Marvel-MarvelUITests.release.xcconfig"; sourceTree = "<group>"; };
		8969FE121AE0E7C1C750977E /* Pods_MarvelTests.framework */ = {isa = PBXFileReference; explicitFileType = wrapper.framework; includeInIndex = 0; path = Pods_MarvelTests.framework; sourceTree = BUILT_PRODUCTS_DIR; };
		91F7492F7E72B174E873A477 /* Pods-Marvel.debug.xcconfig */ = {isa = PBXFileReference; includeInIndex = 1; lastKnownFileType = text.xcconfig; name = "Pods-Marvel.debug.xcconfig"; path = "Target Support Files/Pods-Marvel/Pods-Marvel.debug.xcconfig"; sourceTree = "<group>"; };
		95A613CDC9F84912C35538E2 /* Pods_Marvel_MarvelUITests.framework */ = {isa = PBXFileReference; explicitFileType = wrapper.framework; includeInIndex = 0; path = Pods_Marvel_MarvelUITests.framework; sourceTree = BUILT_PRODUCTS_DIR; };
		B83C7959801C1BB81DC2B1DF /* Pods-MarvelTests.release.xcconfig */ = {isa = PBXFileReference; includeInIndex = 1; lastKnownFileType = text.xcconfig; name = "Pods-MarvelTests.release.xcconfig"; path = "Target Support Files/Pods-MarvelTests/Pods-MarvelTests.release.xcconfig"; sourceTree = "<group>"; };
		E28849A4257E32F2000197A8 /* FeedLocalDataManager.swift */ = {isa = PBXFileReference; fileEncoding = 4; lastKnownFileType = sourcecode.swift; path = FeedLocalDataManager.swift; sourceTree = "<group>"; };
		E28849A5257E32F2000197A8 /* FeedRemoteDataManager.swift */ = {isa = PBXFileReference; fileEncoding = 4; lastKnownFileType = sourcecode.swift; path = FeedRemoteDataManager.swift; sourceTree = "<group>"; };
		E28849A7257E32F2000197A8 /* FeedPresenter.swift */ = {isa = PBXFileReference; fileEncoding = 4; lastKnownFileType = sourcecode.swift; path = FeedPresenter.swift; sourceTree = "<group>"; };
		E28849A9257E32F2000197A8 /* FeedView.swift */ = {isa = PBXFileReference; fileEncoding = 4; lastKnownFileType = sourcecode.swift; path = FeedView.swift; sourceTree = "<group>"; };
		E28849AB257E32F2000197A8 /* FeedProtocols.swift */ = {isa = PBXFileReference; fileEncoding = 4; lastKnownFileType = sourcecode.swift; path = FeedProtocols.swift; sourceTree = "<group>"; };
		E28849AD257E32F2000197A8 /* FeedInteractor.swift */ = {isa = PBXFileReference; fileEncoding = 4; lastKnownFileType = sourcecode.swift; path = FeedInteractor.swift; sourceTree = "<group>"; };
		E28849AF257E32F2000197A8 /* FeedRouter.swift */ = {isa = PBXFileReference; fileEncoding = 4; lastKnownFileType = sourcecode.swift; path = FeedRouter.swift; sourceTree = "<group>"; };
		E28849BD257E34BD000197A8 /* RequestAdapter.swift */ = {isa = PBXFileReference; lastKnownFileType = sourcecode.swift; path = RequestAdapter.swift; sourceTree = "<group>"; };
		E28849C7257E354A000197A8 /* NetworkLayer.swift */ = {isa = PBXFileReference; lastKnownFileType = sourcecode.swift; path = NetworkLayer.swift; sourceTree = "<group>"; };
		E28849CD257E3584000197A8 /* Result.swift */ = {isa = PBXFileReference; lastKnownFileType = sourcecode.swift; path = Result.swift; sourceTree = "<group>"; };
		E28849D5257E35A0000197A8 /* Request.swift */ = {isa = PBXFileReference; lastKnownFileType = sourcecode.swift; path = Request.swift; sourceTree = "<group>"; };
		E28849DA257E35F9000197A8 /* Character.swift */ = {isa = PBXFileReference; lastKnownFileType = sourcecode.swift; path = Character.swift; sourceTree = "<group>"; };
		E28849E9257E3665000197A8 /* Thumbnail.swift */ = {isa = PBXFileReference; lastKnownFileType = sourcecode.swift; path = Thumbnail.swift; sourceTree = "<group>"; };
		E28849EE257E376E000197A8 /* Constants.swift */ = {isa = PBXFileReference; lastKnownFileType = sourcecode.swift; path = Constants.swift; sourceTree = "<group>"; };
		E28849FD257E4BFD000197A8 /* MarvelData.swift */ = {isa = PBXFileReference; lastKnownFileType = sourcecode.swift; path = MarvelData.swift; sourceTree = "<group>"; };
		E2884A03257E7FF6000197A8 /* CharacterCell.swift */ = {isa = PBXFileReference; lastKnownFileType = sourcecode.swift; path = CharacterCell.swift; sourceTree = "<group>"; };
		E29C36E225817D0100C74A3B /* DetailsRemoteDataManager.swift */ = {isa = PBXFileReference; fileEncoding = 4; lastKnownFileType = sourcecode.swift; path = DetailsRemoteDataManager.swift; sourceTree = "<group>"; };
		E29C36E325817D0100C74A3B /* DetailsLocalDataManager.swift */ = {isa = PBXFileReference; fileEncoding = 4; lastKnownFileType = sourcecode.swift; path = DetailsLocalDataManager.swift; sourceTree = "<group>"; };
		E29C36E525817D0100C74A3B /* DetailsPresenter.swift */ = {isa = PBXFileReference; fileEncoding = 4; lastKnownFileType = sourcecode.swift; path = DetailsPresenter.swift; sourceTree = "<group>"; };
		E29C36E725817D0100C74A3B /* DetailsView.swift */ = {isa = PBXFileReference; fileEncoding = 4; lastKnownFileType = sourcecode.swift; path = DetailsView.swift; sourceTree = "<group>"; };
		E29C36E925817D0100C74A3B /* DetailsProtocols.swift */ = {isa = PBXFileReference; fileEncoding = 4; lastKnownFileType = sourcecode.swift; path = DetailsProtocols.swift; sourceTree = "<group>"; };
		E29C36EB25817D0100C74A3B /* DetailsInteractor.swift */ = {isa = PBXFileReference; fileEncoding = 4; lastKnownFileType = sourcecode.swift; path = DetailsInteractor.swift; sourceTree = "<group>"; };
		E29C36ED25817D0100C74A3B /* DetailsRouter.swift */ = {isa = PBXFileReference; fileEncoding = 4; lastKnownFileType = sourcecode.swift; path = DetailsRouter.swift; sourceTree = "<group>"; };
		E2A3C6EE2578196E006D1B01 /* Marvel.app */ = {isa = PBXFileReference; explicitFileType = wrapper.application; includeInIndex = 0; path = Marvel.app; sourceTree = BUILT_PRODUCTS_DIR; };
		E2A3C6F12578196E006D1B01 /* AppDelegate.swift */ = {isa = PBXFileReference; lastKnownFileType = sourcecode.swift; path = AppDelegate.swift; sourceTree = "<group>"; };
		E2A3C6F32578196E006D1B01 /* SceneDelegate.swift */ = {isa = PBXFileReference; lastKnownFileType = sourcecode.swift; path = SceneDelegate.swift; sourceTree = "<group>"; };
		E2A3C6F52578196E006D1B01 /* ViewController.swift */ = {isa = PBXFileReference; lastKnownFileType = sourcecode.swift; path = ViewController.swift; sourceTree = "<group>"; };
		E2A3C6F82578196E006D1B01 /* Base */ = {isa = PBXFileReference; lastKnownFileType = file.storyboard; name = Base; path = Base.lproj/Main.storyboard; sourceTree = "<group>"; };
		E2A3C6FA2578196F006D1B01 /* Assets.xcassets */ = {isa = PBXFileReference; lastKnownFileType = folder.assetcatalog; path = Assets.xcassets; sourceTree = "<group>"; };
		E2A3C6FD2578196F006D1B01 /* Base */ = {isa = PBXFileReference; lastKnownFileType = file.storyboard; name = Base; path = Base.lproj/LaunchScreen.storyboard; sourceTree = "<group>"; };
		E2A3C6FF2578196F006D1B01 /* Info.plist */ = {isa = PBXFileReference; lastKnownFileType = text.plist.xml; path = Info.plist; sourceTree = "<group>"; };
		E2A3C7042578196F006D1B01 /* MarvelTests.xctest */ = {isa = PBXFileReference; explicitFileType = wrapper.cfbundle; includeInIndex = 0; path = MarvelTests.xctest; sourceTree = BUILT_PRODUCTS_DIR; };
		E2A3C7082578196F006D1B01 /* MarvelTests.swift */ = {isa = PBXFileReference; lastKnownFileType = sourcecode.swift; path = MarvelTests.swift; sourceTree = "<group>"; };
		E2A3C70A2578196F006D1B01 /* Info.plist */ = {isa = PBXFileReference; lastKnownFileType = text.plist.xml; path = Info.plist; sourceTree = "<group>"; };
		E2A3C70F2578196F006D1B01 /* MarvelUITests.xctest */ = {isa = PBXFileReference; explicitFileType = wrapper.cfbundle; includeInIndex = 0; path = MarvelUITests.xctest; sourceTree = BUILT_PRODUCTS_DIR; };
		E2A3C7132578196F006D1B01 /* MarvelUITests.swift */ = {isa = PBXFileReference; lastKnownFileType = sourcecode.swift; path = MarvelUITests.swift; sourceTree = "<group>"; };
		E2A3C7152578196F006D1B01 /* Info.plist */ = {isa = PBXFileReference; lastKnownFileType = text.plist.xml; path = Info.plist; sourceTree = "<group>"; };
		E2A3C75825782254006D1B01 /* MainTabController.swift */ = {isa = PBXFileReference; lastKnownFileType = sourcecode.swift; path = MainTabController.swift; sourceTree = "<group>"; };
		E2A3C7602578465A006D1B01 /* es */ = {isa = PBXFileReference; lastKnownFileType = text.plist.strings; name = es; path = es.lproj/Main.strings; sourceTree = "<group>"; };
		E2A3C7612578465A006D1B01 /* es */ = {isa = PBXFileReference; lastKnownFileType = text.plist.strings; name = es; path = es.lproj/LaunchScreen.strings; sourceTree = "<group>"; };
		E2A3C76B257846F5006D1B01 /* en */ = {isa = PBXFileReference; lastKnownFileType = text.plist.strings; name = en; path = en.lproj/Localizable.strings; sourceTree = "<group>"; };
		E2A3C7702578470D006D1B01 /* es */ = {isa = PBXFileReference; lastKnownFileType = text.plist.strings; name = es; path = es.lproj/Localizable.strings; sourceTree = "<group>"; };
		E2A3C77C257847C8006D1B01 /* Extensions.swift */ = {isa = PBXFileReference; lastKnownFileType = sourcecode.swift; path = Extensions.swift; sourceTree = "<group>"; };
		E3CDCB3A8CC4ED1495E6A2CA /* Pods-MarvelTests.debug.xcconfig */ = {isa = PBXFileReference; includeInIndex = 1; lastKnownFileType = text.xcconfig; name = "Pods-MarvelTests.debug.xcconfig"; path = "Target Support Files/Pods-MarvelTests/Pods-MarvelTests.debug.xcconfig"; sourceTree = "<group>"; };
		F1ABA347C55CC9AEC0966CF8 /* Pods_Marvel.framework */ = {isa = PBXFileReference; explicitFileType = wrapper.framework; includeInIndex = 0; path = Pods_Marvel.framework; sourceTree = BUILT_PRODUCTS_DIR; };
		F7B6F2E1EA08E402284E5586 /* Pods-Marvel-MarvelUITests.debug.xcconfig */ = {isa = PBXFileReference; includeInIndex = 1; lastKnownFileType = text.xcconfig; name = "Pods-Marvel-MarvelUITests.debug.xcconfig"; path = "Target Support Files/Pods-Marvel-MarvelUITests/Pods-Marvel-MarvelUITests.debug.xcconfig"; sourceTree = "<group>"; };
/* End PBXFileReference section */

/* Begin PBXFrameworksBuildPhase section */
		E2A3C6EB2578196E006D1B01 /* Frameworks */ = {
			isa = PBXFrameworksBuildPhase;
			buildActionMask = 2147483647;
			files = (
				0C8A3D729370C86B81A278E7 /* Pods_Marvel.framework in Frameworks */,
			);
			runOnlyForDeploymentPostprocessing = 0;
		};
		E2A3C7012578196F006D1B01 /* Frameworks */ = {
			isa = PBXFrameworksBuildPhase;
			buildActionMask = 2147483647;
			files = (
				2B3949C0E18BE7D53756C3DB /* Pods_MarvelTests.framework in Frameworks */,
			);
			runOnlyForDeploymentPostprocessing = 0;
		};
		E2A3C70C2578196F006D1B01 /* Frameworks */ = {
			isa = PBXFrameworksBuildPhase;
			buildActionMask = 2147483647;
			files = (
				A35A424AA1C5A6B4B9F73659 /* Pods_Marvel_MarvelUITests.framework in Frameworks */,
			);
			runOnlyForDeploymentPostprocessing = 0;
		};
/* End PBXFrameworksBuildPhase section */

/* Begin PBXGroup section */
		3CDAF4712E28B807C264A541 /* Pods */ = {
			isa = PBXGroup;
			children = (
				91F7492F7E72B174E873A477 /* Pods-Marvel.debug.xcconfig */,
				323E7B7328D030A1E3009394 /* Pods-Marvel.release.xcconfig */,
				F7B6F2E1EA08E402284E5586 /* Pods-Marvel-MarvelUITests.debug.xcconfig */,
				700F06D01A1414344B4E7657 /* Pods-Marvel-MarvelUITests.release.xcconfig */,
				E3CDCB3A8CC4ED1495E6A2CA /* Pods-MarvelTests.debug.xcconfig */,
				B83C7959801C1BB81DC2B1DF /* Pods-MarvelTests.release.xcconfig */,
			);
			path = Pods;
			sourceTree = "<group>";
		};
		ADF696EF6C3DCF7318D5E158 /* Frameworks */ = {
			isa = PBXGroup;
			children = (
				F1ABA347C55CC9AEC0966CF8 /* Pods_Marvel.framework */,
				95A613CDC9F84912C35538E2 /* Pods_Marvel_MarvelUITests.framework */,
				8969FE121AE0E7C1C750977E /* Pods_MarvelTests.framework */,
			);
			name = Frameworks;
			sourceTree = "<group>";
		};
		E28849A2257E32F2000197A8 /* FeedModule */ = {
			isa = PBXGroup;
			children = (
				E28849A3257E32F2000197A8 /* DataManager */,
				E28849A6257E32F2000197A8 /* Presenter */,
				E28849A8257E32F2000197A8 /* View */,
				E28849AA257E32F2000197A8 /* Protocols */,
				E28849AC257E32F2000197A8 /* Interactor */,
				E28849AE257E32F2000197A8 /* Router */,
			);
			path = FeedModule;
			sourceTree = "<group>";
		};
		E28849A3257E32F2000197A8 /* DataManager */ = {
			isa = PBXGroup;
			children = (
				E28849A4257E32F2000197A8 /* FeedLocalDataManager.swift */,
				E28849A5257E32F2000197A8 /* FeedRemoteDataManager.swift */,
			);
			path = DataManager;
			sourceTree = "<group>";
		};
		E28849A6257E32F2000197A8 /* Presenter */ = {
			isa = PBXGroup;
			children = (
				E28849A7257E32F2000197A8 /* FeedPresenter.swift */,
			);
			path = Presenter;
			sourceTree = "<group>";
		};
		E28849A8257E32F2000197A8 /* View */ = {
			isa = PBXGroup;
			children = (
				E28849A9257E32F2000197A8 /* FeedView.swift */,
			);
			path = View;
			sourceTree = "<group>";
		};
		E28849AA257E32F2000197A8 /* Protocols */ = {
			isa = PBXGroup;
			children = (
				E28849AB257E32F2000197A8 /* FeedProtocols.swift */,
			);
			path = Protocols;
			sourceTree = "<group>";
		};
		E28849AC257E32F2000197A8 /* Interactor */ = {
			isa = PBXGroup;
			children = (
				E28849AD257E32F2000197A8 /* FeedInteractor.swift */,
			);
			path = Interactor;
			sourceTree = "<group>";
		};
		E28849AE257E32F2000197A8 /* Router */ = {
			isa = PBXGroup;
			children = (
				E28849AF257E32F2000197A8 /* FeedRouter.swift */,
			);
			path = Router;
			sourceTree = "<group>";
		};
		E28849CC257E357B000197A8 /* Entities */ = {
			isa = PBXGroup;
			children = (
				E28849CD257E3584000197A8 /* Result.swift */,
				E28849D5257E35A0000197A8 /* Request.swift */,
				E28849DA257E35F9000197A8 /* Character.swift */,
				E28849E9257E3665000197A8 /* Thumbnail.swift */,
				E28849FD257E4BFD000197A8 /* MarvelData.swift */,
			);
			path = Entities;
			sourceTree = "<group>";
		};
		E2884A02257E7FE4000197A8 /* Cells */ = {
			isa = PBXGroup;
			children = (
				E2884A03257E7FF6000197A8 /* CharacterCell.swift */,
			);
			path = Cells;
			sourceTree = "<group>";
		};
		E29C36E025817D0100C74A3B /* DetailsModule */ = {
			isa = PBXGroup;
			children = (
				E29C36E125817D0100C74A3B /* DataManager */,
				E29C36E425817D0100C74A3B /* Presenter */,
				E29C36E625817D0100C74A3B /* View */,
				E29C36E825817D0100C74A3B /* Protocols */,
				E29C36EA25817D0100C74A3B /* Interactor */,
				E29C36EC25817D0100C74A3B /* Router */,
			);
			path = DetailsModule;
			sourceTree = "<group>";
		};
		E29C36E125817D0100C74A3B /* DataManager */ = {
			isa = PBXGroup;
			children = (
				E29C36E225817D0100C74A3B /* DetailsRemoteDataManager.swift */,
				E29C36E325817D0100C74A3B /* DetailsLocalDataManager.swift */,
			);
			path = DataManager;
			sourceTree = "<group>";
		};
		E29C36E425817D0100C74A3B /* Presenter */ = {
			isa = PBXGroup;
			children = (
				E29C36E525817D0100C74A3B /* DetailsPresenter.swift */,
			);
			path = Presenter;
			sourceTree = "<group>";
		};
		E29C36E625817D0100C74A3B /* View */ = {
			isa = PBXGroup;
			children = (
				E29C36E725817D0100C74A3B /* DetailsView.swift */,
			);
			path = View;
			sourceTree = "<group>";
		};
		E29C36E825817D0100C74A3B /* Protocols */ = {
			isa = PBXGroup;
			children = (
				E29C36E925817D0100C74A3B /* DetailsProtocols.swift */,
			);
			path = Protocols;
			sourceTree = "<group>";
		};
		E29C36EA25817D0100C74A3B /* Interactor */ = {
			isa = PBXGroup;
			children = (
				E29C36EB25817D0100C74A3B /* DetailsInteractor.swift */,
			);
			path = Interactor;
			sourceTree = "<group>";
		};
		E29C36EC25817D0100C74A3B /* Router */ = {
			isa = PBXGroup;
			children = (
				E29C36ED25817D0100C74A3B /* DetailsRouter.swift */,
			);
			path = Router;
			sourceTree = "<group>";
		};
		E2A3C6E52578196E006D1B01 = {
			isa = PBXGroup;
			children = (
				E2A3C6F02578196E006D1B01 /* Marvel */,
				E2A3C7072578196F006D1B01 /* MarvelTests */,
				E2A3C7122578196F006D1B01 /* MarvelUITests */,
				E2A3C6EF2578196E006D1B01 /* Products */,
				3CDAF4712E28B807C264A541 /* Pods */,
				ADF696EF6C3DCF7318D5E158 /* Frameworks */,
			);
			sourceTree = "<group>";
		};
		E2A3C6EF2578196E006D1B01 /* Products */ = {
			isa = PBXGroup;
			children = (
				E2A3C6EE2578196E006D1B01 /* Marvel.app */,
				E2A3C7042578196F006D1B01 /* MarvelTests.xctest */,
				E2A3C70F2578196F006D1B01 /* MarvelUITests.xctest */,
			);
			name = Products;
			sourceTree = "<group>";
		};
		E2A3C6F02578196E006D1B01 /* Marvel */ = {
			isa = PBXGroup;
			children = (
				E2A3C74F25782030006D1B01 /* Modules */,
				E2A3C75125782054006D1B01 /* API */,
				E2A3C75025782039006D1B01 /* App */,
				E2A3C6FF2578196F006D1B01 /* Info.plist */,
				E2A3C76C257846F5006D1B01 /* Localizable.strings */,
			);
			path = Marvel;
			sourceTree = "<group>";
		};
		E2A3C7072578196F006D1B01 /* MarvelTests */ = {
			isa = PBXGroup;
			children = (
				E2A3C7082578196F006D1B01 /* MarvelTests.swift */,
				E2A3C70A2578196F006D1B01 /* Info.plist */,
			);
			path = MarvelTests;
			sourceTree = "<group>";
		};
		E2A3C7122578196F006D1B01 /* MarvelUITests */ = {
			isa = PBXGroup;
			children = (
				E2A3C7132578196F006D1B01 /* MarvelUITests.swift */,
				E2A3C7152578196F006D1B01 /* Info.plist */,
			);
			path = MarvelUITests;
			sourceTree = "<group>";
		};
		E2A3C74F25782030006D1B01 /* Modules */ = {
			isa = PBXGroup;
			children = (
				E29C36E025817D0100C74A3B /* DetailsModule */,
				E28849A2257E32F2000197A8 /* FeedModule */,
			);
			path = Modules;
			sourceTree = "<group>";
		};
		E2A3C75025782039006D1B01 /* App */ = {
			isa = PBXGroup;
			children = (
				E2884A02257E7FE4000197A8 /* Cells */,
				E2A3C6F12578196E006D1B01 /* AppDelegate.swift */,
				E2A3C6F32578196E006D1B01 /* SceneDelegate.swift */,
				E2A3C6F52578196E006D1B01 /* ViewController.swift */,
				E2A3C6F72578196E006D1B01 /* Main.storyboard */,
				E2A3C6FA2578196F006D1B01 /* Assets.xcassets */,
				E2A3C6FC2578196F006D1B01 /* LaunchScreen.storyboard */,
				E2A3C75825782254006D1B01 /* MainTabController.swift */,
				E2A3C77C257847C8006D1B01 /* Extensions.swift */,
			);
			path = App;
			sourceTree = "<group>";
		};
		E2A3C75125782054006D1B01 /* API */ = {
			isa = PBXGroup;
			children = (
				E28849CC257E357B000197A8 /* Entities */,
				E28849BD257E34BD000197A8 /* RequestAdapter.swift */,
				E28849C7257E354A000197A8 /* NetworkLayer.swift */,
				E28849EE257E376E000197A8 /* Constants.swift */,
			);
			path = API;
			sourceTree = "<group>";
		};
/* End PBXGroup section */

/* Begin PBXNativeTarget section */
		E2A3C6ED2578196E006D1B01 /* Marvel */ = {
			isa = PBXNativeTarget;
			buildConfigurationList = E2A3C7182578196F006D1B01 /* Build configuration list for PBXNativeTarget "Marvel" */;
			buildPhases = (
				B63F533111F539D3DA5B4C9D /* [CP] Check Pods Manifest.lock */,
				E2A3C6EA2578196E006D1B01 /* Sources */,
				E2A3C6EB2578196E006D1B01 /* Frameworks */,
				E2A3C6EC2578196E006D1B01 /* Resources */,
				9CAEDE9C6FA6158F3363EE1A /* [CP] Embed Pods Frameworks */,
				E2A3C72E25781BDE006D1B01 /* ShellScript */,
			);
			buildRules = (
			);
			dependencies = (
			);
			name = Marvel;
			productName = Marvel;
			productReference = E2A3C6EE2578196E006D1B01 /* Marvel.app */;
			productType = "com.apple.product-type.application";
		};
		E2A3C7032578196F006D1B01 /* MarvelTests */ = {
			isa = PBXNativeTarget;
			buildConfigurationList = E2A3C71B2578196F006D1B01 /* Build configuration list for PBXNativeTarget "MarvelTests" */;
			buildPhases = (
				688C071F7E4EC5B85EDE2639 /* [CP] Check Pods Manifest.lock */,
				E2A3C7002578196F006D1B01 /* Sources */,
				E2A3C7012578196F006D1B01 /* Frameworks */,
				E2A3C7022578196F006D1B01 /* Resources */,
			);
			buildRules = (
			);
			dependencies = (
				E2A3C7062578196F006D1B01 /* PBXTargetDependency */,
			);
			name = MarvelTests;
			productName = MarvelTests;
			productReference = E2A3C7042578196F006D1B01 /* MarvelTests.xctest */;
			productType = "com.apple.product-type.bundle.unit-test";
		};
		E2A3C70E2578196F006D1B01 /* MarvelUITests */ = {
			isa = PBXNativeTarget;
			buildConfigurationList = E2A3C71E2578196F006D1B01 /* Build configuration list for PBXNativeTarget "MarvelUITests" */;
			buildPhases = (
				B97D71D9BC3ADDB37AE48EF9 /* [CP] Check Pods Manifest.lock */,
				E2A3C70B2578196F006D1B01 /* Sources */,
				E2A3C70C2578196F006D1B01 /* Frameworks */,
				E2A3C70D2578196F006D1B01 /* Resources */,
				F3D0517D967651A78EF8695E /* [CP] Embed Pods Frameworks */,
			);
			buildRules = (
			);
			dependencies = (
				E2A3C7112578196F006D1B01 /* PBXTargetDependency */,
			);
			name = MarvelUITests;
			productName = MarvelUITests;
			productReference = E2A3C70F2578196F006D1B01 /* MarvelUITests.xctest */;
			productType = "com.apple.product-type.bundle.ui-testing";
		};
/* End PBXNativeTarget section */

/* Begin PBXProject section */
		E2A3C6E62578196E006D1B01 /* Project object */ = {
			isa = PBXProject;
			attributes = {
				LastSwiftUpdateCheck = 1220;
				LastUpgradeCheck = 1220;
				ORGANIZATIONNAME = "Little Monster";
				TargetAttributes = {
					E2A3C6ED2578196E006D1B01 = {
						CreatedOnToolsVersion = 12.2;
					};
					E2A3C7032578196F006D1B01 = {
						CreatedOnToolsVersion = 12.2;
						TestTargetID = E2A3C6ED2578196E006D1B01;
					};
					E2A3C70E2578196F006D1B01 = {
						CreatedOnToolsVersion = 12.2;
						TestTargetID = E2A3C6ED2578196E006D1B01;
					};
				};
			};
			buildConfigurationList = E2A3C6E92578196E006D1B01 /* Build configuration list for PBXProject "Marvel" */;
			compatibilityVersion = "Xcode 9.3";
			developmentRegion = en;
			hasScannedForEncodings = 0;
			knownRegions = (
				en,
				Base,
				es,
			);
			mainGroup = E2A3C6E52578196E006D1B01;
			productRefGroup = E2A3C6EF2578196E006D1B01 /* Products */;
			projectDirPath = "";
			projectRoot = "";
			targets = (
				E2A3C6ED2578196E006D1B01 /* Marvel */,
				E2A3C7032578196F006D1B01 /* MarvelTests */,
				E2A3C70E2578196F006D1B01 /* MarvelUITests */,
			);
		};
/* End PBXProject section */

/* Begin PBXResourcesBuildPhase section */
		E2A3C6EC2578196E006D1B01 /* Resources */ = {
			isa = PBXResourcesBuildPhase;
			buildActionMask = 2147483647;
			files = (
				E2A3C6FE2578196F006D1B01 /* LaunchScreen.storyboard in Resources */,
				E2A3C76A257846F5006D1B01 /* Localizable.strings in Resources */,
				E2A3C6FB2578196F006D1B01 /* Assets.xcassets in Resources */,
				E2A3C6F92578196E006D1B01 /* Main.storyboard in Resources */,
			);
			runOnlyForDeploymentPostprocessing = 0;
		};
		E2A3C7022578196F006D1B01 /* Resources */ = {
			isa = PBXResourcesBuildPhase;
			buildActionMask = 2147483647;
			files = (
			);
			runOnlyForDeploymentPostprocessing = 0;
		};
		E2A3C70D2578196F006D1B01 /* Resources */ = {
			isa = PBXResourcesBuildPhase;
			buildActionMask = 2147483647;
			files = (
			);
			runOnlyForDeploymentPostprocessing = 0;
		};
/* End PBXResourcesBuildPhase section */

/* Begin PBXShellScriptBuildPhase section */
		688C071F7E4EC5B85EDE2639 /* [CP] Check Pods Manifest.lock */ = {
			isa = PBXShellScriptBuildPhase;
			buildActionMask = 2147483647;
			files = (
			);
			inputFileListPaths = (
			);
			inputPaths = (
				"${PODS_PODFILE_DIR_PATH}/Podfile.lock",
				"${PODS_ROOT}/Manifest.lock",
			);
			name = "[CP] Check Pods Manifest.lock";
			outputFileListPaths = (
			);
			outputPaths = (
				"$(DERIVED_FILE_DIR)/Pods-MarvelTests-checkManifestLockResult.txt",
			);
			runOnlyForDeploymentPostprocessing = 0;
			shellPath = /bin/sh;
			shellScript = "diff \"${PODS_PODFILE_DIR_PATH}/Podfile.lock\" \"${PODS_ROOT}/Manifest.lock\" > /dev/null\nif [ $? != 0 ] ; then\n    # print error to STDERR\n    echo \"error: The sandbox is not in sync with the Podfile.lock. Run 'pod install' or update your CocoaPods installation.\" >&2\n    exit 1\nfi\n# This output is used by Xcode 'outputs' to avoid re-running this script phase.\necho \"SUCCESS\" > \"${SCRIPT_OUTPUT_FILE_0}\"\n";
			showEnvVarsInLog = 0;
		};
		9CAEDE9C6FA6158F3363EE1A /* [CP] Embed Pods Frameworks */ = {
			isa = PBXShellScriptBuildPhase;
			buildActionMask = 2147483647;
			files = (
			);
			inputFileListPaths = (
				"${PODS_ROOT}/Target Support Files/Pods-Marvel/Pods-Marvel-frameworks-${CONFIGURATION}-input-files.xcfilelist",
			);
			name = "[CP] Embed Pods Frameworks";
			outputFileListPaths = (
				"${PODS_ROOT}/Target Support Files/Pods-Marvel/Pods-Marvel-frameworks-${CONFIGURATION}-output-files.xcfilelist",
			);
			runOnlyForDeploymentPostprocessing = 0;
			shellPath = /bin/sh;
			shellScript = "\"${PODS_ROOT}/Target Support Files/Pods-Marvel/Pods-Marvel-frameworks.sh\"\n";
			showEnvVarsInLog = 0;
		};
		B63F533111F539D3DA5B4C9D /* [CP] Check Pods Manifest.lock */ = {
			isa = PBXShellScriptBuildPhase;
			buildActionMask = 2147483647;
			files = (
			);
			inputFileListPaths = (
			);
			inputPaths = (
				"${PODS_PODFILE_DIR_PATH}/Podfile.lock",
				"${PODS_ROOT}/Manifest.lock",
			);
			name = "[CP] Check Pods Manifest.lock";
			outputFileListPaths = (
			);
			outputPaths = (
				"$(DERIVED_FILE_DIR)/Pods-Marvel-checkManifestLockResult.txt",
			);
			runOnlyForDeploymentPostprocessing = 0;
			shellPath = /bin/sh;
			shellScript = "diff \"${PODS_PODFILE_DIR_PATH}/Podfile.lock\" \"${PODS_ROOT}/Manifest.lock\" > /dev/null\nif [ $? != 0 ] ; then\n    # print error to STDERR\n    echo \"error: The sandbox is not in sync with the Podfile.lock. Run 'pod install' or update your CocoaPods installation.\" >&2\n    exit 1\nfi\n# This output is used by Xcode 'outputs' to avoid re-running this script phase.\necho \"SUCCESS\" > \"${SCRIPT_OUTPUT_FILE_0}\"\n";
			showEnvVarsInLog = 0;
		};
		B97D71D9BC3ADDB37AE48EF9 /* [CP] Check Pods Manifest.lock */ = {
			isa = PBXShellScriptBuildPhase;
			buildActionMask = 2147483647;
			files = (
			);
			inputFileListPaths = (
			);
			inputPaths = (
				"${PODS_PODFILE_DIR_PATH}/Podfile.lock",
				"${PODS_ROOT}/Manifest.lock",
			);
			name = "[CP] Check Pods Manifest.lock";
			outputFileListPaths = (
			);
			outputPaths = (
				"$(DERIVED_FILE_DIR)/Pods-Marvel-MarvelUITests-checkManifestLockResult.txt",
			);
			runOnlyForDeploymentPostprocessing = 0;
			shellPath = /bin/sh;
			shellScript = "diff \"${PODS_PODFILE_DIR_PATH}/Podfile.lock\" \"${PODS_ROOT}/Manifest.lock\" > /dev/null\nif [ $? != 0 ] ; then\n    # print error to STDERR\n    echo \"error: The sandbox is not in sync with the Podfile.lock. Run 'pod install' or update your CocoaPods installation.\" >&2\n    exit 1\nfi\n# This output is used by Xcode 'outputs' to avoid re-running this script phase.\necho \"SUCCESS\" > \"${SCRIPT_OUTPUT_FILE_0}\"\n";
			showEnvVarsInLog = 0;
		};
		E2A3C72E25781BDE006D1B01 /* ShellScript */ = {
			isa = PBXShellScriptBuildPhase;
			buildActionMask = 2147483647;
			files = (
			);
			inputFileListPaths = (
			);
			inputPaths = (
			);
			outputFileListPaths = (
			);
			outputPaths = (
			);
			runOnlyForDeploymentPostprocessing = 0;
			shellPath = /bin/sh;
			shellScript = "# Type a script or drag a script file from your workspace to insert its path.\n\"${PODS_ROOT}/SwiftLint/swiftlint\"\n";
		};
		F3D0517D967651A78EF8695E /* [CP] Embed Pods Frameworks */ = {
			isa = PBXShellScriptBuildPhase;
			buildActionMask = 2147483647;
			files = (
			);
			inputFileListPaths = (
				"${PODS_ROOT}/Target Support Files/Pods-Marvel-MarvelUITests/Pods-Marvel-MarvelUITests-frameworks-${CONFIGURATION}-input-files.xcfilelist",
			);
			name = "[CP] Embed Pods Frameworks";
			outputFileListPaths = (
				"${PODS_ROOT}/Target Support Files/Pods-Marvel-MarvelUITests/Pods-Marvel-MarvelUITests-frameworks-${CONFIGURATION}-output-files.xcfilelist",
			);
			runOnlyForDeploymentPostprocessing = 0;
			shellPath = /bin/sh;
			shellScript = "\"${PODS_ROOT}/Target Support Files/Pods-Marvel-MarvelUITests/Pods-Marvel-MarvelUITests-frameworks.sh\"\n";
			showEnvVarsInLog = 0;
		};
/* End PBXShellScriptBuildPhase section */

/* Begin PBXSourcesBuildPhase section */
		E2A3C6EA2578196E006D1B01 /* Sources */ = {
			isa = PBXSourcesBuildPhase;
			buildActionMask = 2147483647;
			files = (
				E28849B6257E32F2000197A8 /* FeedRouter.swift in Sources */,
				E29C36F325817D0100C74A3B /* DetailsInteractor.swift in Sources */,
				E28849BE257E34BD000197A8 /* RequestAdapter.swift in Sources */,
				E2A3C77D257847C8006D1B01 /* Extensions.swift in Sources */,
				E2884A04257E7FF6000197A8 /* CharacterCell.swift in Sources */,
				E28849B3257E32F2000197A8 /* FeedView.swift in Sources */,
				E28849B5257E32F2000197A8 /* FeedInteractor.swift in Sources */,
				E28849C8257E354A000197A8 /* NetworkLayer.swift in Sources */,
				E28849CE257E3584000197A8 /* Result.swift in Sources */,
				E28849D6257E35A0000197A8 /* Request.swift in Sources */,
				E29C36EF25817D0100C74A3B /* DetailsLocalDataManager.swift in Sources */,
				E28849B0257E32F2000197A8 /* FeedLocalDataManager.swift in Sources */,
				E29C36F125817D0100C74A3B /* DetailsView.swift in Sources */,
				E29C36F425817D0100C74A3B /* DetailsRouter.swift in Sources */,
				E28849DB257E35F9000197A8 /* Character.swift in Sources */,
				E28849B2257E32F2000197A8 /* FeedPresenter.swift in Sources */,
				E29C36F225817D0100C74A3B /* DetailsProtocols.swift in Sources */,
				E2A3C6F62578196E006D1B01 /* ViewController.swift in Sources */,
				E2A3C6F22578196E006D1B01 /* AppDelegate.swift in Sources */,
				E28849B1257E32F2000197A8 /* FeedRemoteDataManager.swift in Sources */,
				E28849EF257E376E000197A8 /* Constants.swift in Sources */,
				E2A3C75925782254006D1B01 /* MainTabController.swift in Sources */,
				E28849EA257E3665000197A8 /* Thumbnail.swift in Sources */,
				E29C36EE25817D0100C74A3B /* DetailsRemoteDataManager.swift in Sources */,
				E2A3C6F42578196E006D1B01 /* SceneDelegate.swift in Sources */,
				E28849FE257E4BFD000197A8 /* MarvelData.swift in Sources */,
				E28849B4257E32F2000197A8 /* FeedProtocols.swift in Sources */,
				E29C36F025817D0100C74A3B /* DetailsPresenter.swift in Sources */,
			);
			runOnlyForDeploymentPostprocessing = 0;
		};
		E2A3C7002578196F006D1B01 /* Sources */ = {
			isa = PBXSourcesBuildPhase;
			buildActionMask = 2147483647;
			files = (
				E2A3C7092578196F006D1B01 /* MarvelTests.swift in Sources */,
			);
			runOnlyForDeploymentPostprocessing = 0;
		};
		E2A3C70B2578196F006D1B01 /* Sources */ = {
			isa = PBXSourcesBuildPhase;
			buildActionMask = 2147483647;
			files = (
				E2A3C7142578196F006D1B01 /* MarvelUITests.swift in Sources */,
			);
			runOnlyForDeploymentPostprocessing = 0;
		};
/* End PBXSourcesBuildPhase section */

/* Begin PBXTargetDependency section */
		E2A3C7062578196F006D1B01 /* PBXTargetDependency */ = {
			isa = PBXTargetDependency;
			target = E2A3C6ED2578196E006D1B01 /* Marvel */;
			targetProxy = E2A3C7052578196F006D1B01 /* PBXContainerItemProxy */;
		};
		E2A3C7112578196F006D1B01 /* PBXTargetDependency */ = {
			isa = PBXTargetDependency;
			target = E2A3C6ED2578196E006D1B01 /* Marvel */;
			targetProxy = E2A3C7102578196F006D1B01 /* PBXContainerItemProxy */;
		};
/* End PBXTargetDependency section */

/* Begin PBXVariantGroup section */
		E2A3C6F72578196E006D1B01 /* Main.storyboard */ = {
			isa = PBXVariantGroup;
			children = (
				E2A3C6F82578196E006D1B01 /* Base */,
				E2A3C7602578465A006D1B01 /* es */,
			);
			name = Main.storyboard;
			sourceTree = "<group>";
		};
		E2A3C6FC2578196F006D1B01 /* LaunchScreen.storyboard */ = {
			isa = PBXVariantGroup;
			children = (
				E2A3C6FD2578196F006D1B01 /* Base */,
				E2A3C7612578465A006D1B01 /* es */,
			);
			name = LaunchScreen.storyboard;
			sourceTree = "<group>";
		};
		E2A3C76C257846F5006D1B01 /* Localizable.strings */ = {
			isa = PBXVariantGroup;
			children = (
				E2A3C76B257846F5006D1B01 /* en */,
				E2A3C7702578470D006D1B01 /* es */,
			);
			name = Localizable.strings;
			sourceTree = "<group>";
		};
/* End PBXVariantGroup section */

/* Begin XCBuildConfiguration section */
		E2A3C7162578196F006D1B01 /* Debug */ = {
			isa = XCBuildConfiguration;
			buildSettings = {
				ALWAYS_SEARCH_USER_PATHS = NO;
				CLANG_ANALYZER_LOCALIZABILITY_NONLOCALIZED = YES;
				CLANG_ANALYZER_NONNULL = YES;
				CLANG_ANALYZER_NUMBER_OBJECT_CONVERSION = YES_AGGRESSIVE;
				CLANG_CXX_LANGUAGE_STANDARD = "gnu++14";
				CLANG_CXX_LIBRARY = "libc++";
				CLANG_ENABLE_MODULES = YES;
				CLANG_ENABLE_OBJC_ARC = YES;
				CLANG_ENABLE_OBJC_WEAK = YES;
				CLANG_WARN_BLOCK_CAPTURE_AUTORELEASING = YES;
				CLANG_WARN_BOOL_CONVERSION = YES;
				CLANG_WARN_COMMA = YES;
				CLANG_WARN_CONSTANT_CONVERSION = YES;
				CLANG_WARN_DEPRECATED_OBJC_IMPLEMENTATIONS = YES;
				CLANG_WARN_DIRECT_OBJC_ISA_USAGE = YES_ERROR;
				CLANG_WARN_DOCUMENTATION_COMMENTS = YES;
				CLANG_WARN_EMPTY_BODY = YES;
				CLANG_WARN_ENUM_CONVERSION = YES;
				CLANG_WARN_INFINITE_RECURSION = YES;
				CLANG_WARN_INT_CONVERSION = YES;
				CLANG_WARN_NON_LITERAL_NULL_CONVERSION = YES;
				CLANG_WARN_OBJC_IMPLICIT_RETAIN_SELF = YES;
				CLANG_WARN_OBJC_LITERAL_CONVERSION = YES;
				CLANG_WARN_OBJC_ROOT_CLASS = YES_ERROR;
				CLANG_WARN_QUOTED_INCLUDE_IN_FRAMEWORK_HEADER = YES;
				CLANG_WARN_RANGE_LOOP_ANALYSIS = YES;
				CLANG_WARN_STRICT_PROTOTYPES = YES;
				CLANG_WARN_SUSPICIOUS_MOVE = YES;
				CLANG_WARN_UNGUARDED_AVAILABILITY = YES_AGGRESSIVE;
				CLANG_WARN_UNREACHABLE_CODE = YES;
				CLANG_WARN__DUPLICATE_METHOD_MATCH = YES;
				COPY_PHASE_STRIP = NO;
				DEBUG_INFORMATION_FORMAT = dwarf;
				ENABLE_STRICT_OBJC_MSGSEND = YES;
				ENABLE_TESTABILITY = YES;
				GCC_C_LANGUAGE_STANDARD = gnu11;
				GCC_DYNAMIC_NO_PIC = NO;
				GCC_NO_COMMON_BLOCKS = YES;
				GCC_OPTIMIZATION_LEVEL = 0;
				GCC_PREPROCESSOR_DEFINITIONS = (
					"DEBUG=1",
					"$(inherited)",
				);
				GCC_WARN_64_TO_32_BIT_CONVERSION = YES;
				GCC_WARN_ABOUT_RETURN_TYPE = YES_ERROR;
				GCC_WARN_UNDECLARED_SELECTOR = YES;
				GCC_WARN_UNINITIALIZED_AUTOS = YES_AGGRESSIVE;
				GCC_WARN_UNUSED_FUNCTION = YES;
				GCC_WARN_UNUSED_VARIABLE = YES;
				IPHONEOS_DEPLOYMENT_TARGET = 14.0;
				MTL_ENABLE_DEBUG_INFO = INCLUDE_SOURCE;
				MTL_FAST_MATH = YES;
				ONLY_ACTIVE_ARCH = YES;
				SDKROOT = iphoneos;
				SWIFT_ACTIVE_COMPILATION_CONDITIONS = DEBUG;
				SWIFT_OPTIMIZATION_LEVEL = "-Onone";
			};
			name = Debug;
		};
		E2A3C7172578196F006D1B01 /* Release */ = {
			isa = XCBuildConfiguration;
			buildSettings = {
				ALWAYS_SEARCH_USER_PATHS = NO;
				CLANG_ANALYZER_LOCALIZABILITY_NONLOCALIZED = YES;
				CLANG_ANALYZER_NONNULL = YES;
				CLANG_ANALYZER_NUMBER_OBJECT_CONVERSION = YES_AGGRESSIVE;
				CLANG_CXX_LANGUAGE_STANDARD = "gnu++14";
				CLANG_CXX_LIBRARY = "libc++";
				CLANG_ENABLE_MODULES = YES;
				CLANG_ENABLE_OBJC_ARC = YES;
				CLANG_ENABLE_OBJC_WEAK = YES;
				CLANG_WARN_BLOCK_CAPTURE_AUTORELEASING = YES;
				CLANG_WARN_BOOL_CONVERSION = YES;
				CLANG_WARN_COMMA = YES;
				CLANG_WARN_CONSTANT_CONVERSION = YES;
				CLANG_WARN_DEPRECATED_OBJC_IMPLEMENTATIONS = YES;
				CLANG_WARN_DIRECT_OBJC_ISA_USAGE = YES_ERROR;
				CLANG_WARN_DOCUMENTATION_COMMENTS = YES;
				CLANG_WARN_EMPTY_BODY = YES;
				CLANG_WARN_ENUM_CONVERSION = YES;
				CLANG_WARN_INFINITE_RECURSION = YES;
				CLANG_WARN_INT_CONVERSION = YES;
				CLANG_WARN_NON_LITERAL_NULL_CONVERSION = YES;
				CLANG_WARN_OBJC_IMPLICIT_RETAIN_SELF = YES;
				CLANG_WARN_OBJC_LITERAL_CONVERSION = YES;
				CLANG_WARN_OBJC_ROOT_CLASS = YES_ERROR;
				CLANG_WARN_QUOTED_INCLUDE_IN_FRAMEWORK_HEADER = YES;
				CLANG_WARN_RANGE_LOOP_ANALYSIS = YES;
				CLANG_WARN_STRICT_PROTOTYPES = YES;
				CLANG_WARN_SUSPICIOUS_MOVE = YES;
				CLANG_WARN_UNGUARDED_AVAILABILITY = YES_AGGRESSIVE;
				CLANG_WARN_UNREACHABLE_CODE = YES;
				CLANG_WARN__DUPLICATE_METHOD_MATCH = YES;
				COPY_PHASE_STRIP = NO;
				DEBUG_INFORMATION_FORMAT = "dwarf-with-dsym";
				ENABLE_NS_ASSERTIONS = NO;
				ENABLE_STRICT_OBJC_MSGSEND = YES;
				GCC_C_LANGUAGE_STANDARD = gnu11;
				GCC_NO_COMMON_BLOCKS = YES;
				GCC_WARN_64_TO_32_BIT_CONVERSION = YES;
				GCC_WARN_ABOUT_RETURN_TYPE = YES_ERROR;
				GCC_WARN_UNDECLARED_SELECTOR = YES;
				GCC_WARN_UNINITIALIZED_AUTOS = YES_AGGRESSIVE;
				GCC_WARN_UNUSED_FUNCTION = YES;
				GCC_WARN_UNUSED_VARIABLE = YES;
				IPHONEOS_DEPLOYMENT_TARGET = 14.0;
				MTL_ENABLE_DEBUG_INFO = NO;
				MTL_FAST_MATH = YES;
				SDKROOT = iphoneos;
				SWIFT_COMPILATION_MODE = wholemodule;
				SWIFT_OPTIMIZATION_LEVEL = "-O";
				VALIDATE_PRODUCT = YES;
			};
			name = Release;
		};
		E2A3C7192578196F006D1B01 /* Debug */ = {
			isa = XCBuildConfiguration;
			baseConfigurationReference = 91F7492F7E72B174E873A477 /* Pods-Marvel.debug.xcconfig */;
			buildSettings = {
				ASSETCATALOG_COMPILER_APPICON_NAME = AppIcon;
				ASSETCATALOG_COMPILER_GLOBAL_ACCENT_COLOR_NAME = AccentColor;
				CODE_SIGN_STYLE = Automatic;
				DEVELOPMENT_TEAM = 934NVR3K3Z;
				INFOPLIST_FILE = Marvel/Info.plist;
				LD_RUNPATH_SEARCH_PATHS = (
					"$(inherited)",
					"@executable_path/Frameworks",
				);
				PRODUCT_BUNDLE_IDENTIFIER = com.oscargarrucho.Marvel;
				PRODUCT_NAME = "$(TARGET_NAME)";
				SWIFT_VERSION = 5.0;
				TARGETED_DEVICE_FAMILY = "1,2";
			};
			name = Debug;
		};
		E2A3C71A2578196F006D1B01 /* Release */ = {
			isa = XCBuildConfiguration;
			baseConfigurationReference = 323E7B7328D030A1E3009394 /* Pods-Marvel.release.xcconfig */;
			buildSettings = {
				ASSETCATALOG_COMPILER_APPICON_NAME = AppIcon;
				ASSETCATALOG_COMPILER_GLOBAL_ACCENT_COLOR_NAME = AccentColor;
				CODE_SIGN_STYLE = Automatic;
				DEVELOPMENT_TEAM = 934NVR3K3Z;
				INFOPLIST_FILE = Marvel/Info.plist;
				LD_RUNPATH_SEARCH_PATHS = (
					"$(inherited)",
					"@executable_path/Frameworks",
				);
				PRODUCT_BUNDLE_IDENTIFIER = com.oscargarrucho.Marvel;
				PRODUCT_NAME = "$(TARGET_NAME)";
				SWIFT_VERSION = 5.0;
				TARGETED_DEVICE_FAMILY = "1,2";
			};
			name = Release;
		};
		E2A3C71C2578196F006D1B01 /* Debug */ = {
			isa = XCBuildConfiguration;
			baseConfigurationReference = E3CDCB3A8CC4ED1495E6A2CA /* Pods-MarvelTests.debug.xcconfig */;
			buildSettings = {
				ALWAYS_EMBED_SWIFT_STANDARD_LIBRARIES = YES;
				BUNDLE_LOADER = "$(TEST_HOST)";
				CODE_SIGN_STYLE = Automatic;
				DEVELOPMENT_TEAM = 934NVR3K3Z;
				INFOPLIST_FILE = MarvelTests/Info.plist;
				IPHONEOS_DEPLOYMENT_TARGET = 14.2;
				LD_RUNPATH_SEARCH_PATHS = (
					"$(inherited)",
					"@executable_path/Frameworks",
					"@loader_path/Frameworks",
				);
				PRODUCT_BUNDLE_IDENTIFIER = com.oscargarrucho.MarvelTests;
				PRODUCT_NAME = "$(TARGET_NAME)";
				SWIFT_VERSION = 5.0;
				TARGETED_DEVICE_FAMILY = "1,2";
				TEST_HOST = "$(BUILT_PRODUCTS_DIR)/Marvel.app/Marvel";
			};
			name = Debug;
		};
		E2A3C71D2578196F006D1B01 /* Release */ = {
			isa = XCBuildConfiguration;
			baseConfigurationReference = B83C7959801C1BB81DC2B1DF /* Pods-MarvelTests.release.xcconfig */;
			buildSettings = {
				ALWAYS_EMBED_SWIFT_STANDARD_LIBRARIES = YES;
				BUNDLE_LOADER = "$(TEST_HOST)";
				CODE_SIGN_STYLE = Automatic;
				DEVELOPMENT_TEAM = 934NVR3K3Z;
				INFOPLIST_FILE = MarvelTests/Info.plist;
				IPHONEOS_DEPLOYMENT_TARGET = 14.2;
				LD_RUNPATH_SEARCH_PATHS = (
					"$(inherited)",
					"@executable_path/Frameworks",
					"@loader_path/Frameworks",
				);
				PRODUCT_BUNDLE_IDENTIFIER = com.oscargarrucho.MarvelTests;
				PRODUCT_NAME = "$(TARGET_NAME)";
				SWIFT_VERSION = 5.0;
				TARGETED_DEVICE_FAMILY = "1,2";
				TEST_HOST = "$(BUILT_PRODUCTS_DIR)/Marvel.app/Marvel";
			};
			name = Release;
		};
		E2A3C71F2578196F006D1B01 /* Debug */ = {
			isa = XCBuildConfiguration;
			baseConfigurationReference = F7B6F2E1EA08E402284E5586 /* Pods-Marvel-MarvelUITests.debug.xcconfig */;
			buildSettings = {
				ALWAYS_EMBED_SWIFT_STANDARD_LIBRARIES = YES;
				CODE_SIGN_STYLE = Automatic;
				DEVELOPMENT_TEAM = 934NVR3K3Z;
				INFOPLIST_FILE = MarvelUITests/Info.plist;
				LD_RUNPATH_SEARCH_PATHS = (
					"$(inherited)",
					"@executable_path/Frameworks",
					"@loader_path/Frameworks",
				);
				PRODUCT_BUNDLE_IDENTIFIER = com.oscargarrucho.MarvelUITests;
				PRODUCT_NAME = "$(TARGET_NAME)";
				SWIFT_VERSION = 5.0;
				TARGETED_DEVICE_FAMILY = "1,2";
				TEST_TARGET_NAME = Marvel;
			};
			name = Debug;
		};
		E2A3C7202578196F006D1B01 /* Release */ = {
			isa = XCBuildConfiguration;
			baseConfigurationReference = 700F06D01A1414344B4E7657 /* Pods-Marvel-MarvelUITests.release.xcconfig */;
			buildSettings = {
				ALWAYS_EMBED_SWIFT_STANDARD_LIBRARIES = YES;
				CODE_SIGN_STYLE = Automatic;
				DEVELOPMENT_TEAM = 934NVR3K3Z;
				INFOPLIST_FILE = MarvelUITests/Info.plist;
				LD_RUNPATH_SEARCH_PATHS = (
					"$(inherited)",
					"@executable_path/Frameworks",
					"@loader_path/Frameworks",
				);
				PRODUCT_BUNDLE_IDENTIFIER = com.oscargarrucho.MarvelUITests;
				PRODUCT_NAME = "$(TARGET_NAME)";
				SWIFT_VERSION = 5.0;
				TARGETED_DEVICE_FAMILY = "1,2";
				TEST_TARGET_NAME = Marvel;
			};
			name = Release;
		};
/* End XCBuildConfiguration section */

/* Begin XCConfigurationList section */
		E2A3C6E92578196E006D1B01 /* Build configuration list for PBXProject "Marvel" */ = {
			isa = XCConfigurationList;
			buildConfigurations = (
				E2A3C7162578196F006D1B01 /* Debug */,
				E2A3C7172578196F006D1B01 /* Release */,
			);
			defaultConfigurationIsVisible = 0;
			defaultConfigurationName = Release;
		};
		E2A3C7182578196F006D1B01 /* Build configuration list for PBXNativeTarget "Marvel" */ = {
			isa = XCConfigurationList;
			buildConfigurations = (
				E2A3C7192578196F006D1B01 /* Debug */,
				E2A3C71A2578196F006D1B01 /* Release */,
			);
			defaultConfigurationIsVisible = 0;
			defaultConfigurationName = Release;
		};
		E2A3C71B2578196F006D1B01 /* Build configuration list for PBXNativeTarget "MarvelTests" */ = {
			isa = XCConfigurationList;
			buildConfigurations = (
				E2A3C71C2578196F006D1B01 /* Debug */,
				E2A3C71D2578196F006D1B01 /* Release */,
			);
			defaultConfigurationIsVisible = 0;
			defaultConfigurationName = Release;
		};
		E2A3C71E2578196F006D1B01 /* Build configuration list for PBXNativeTarget "MarvelUITests" */ = {
			isa = XCConfigurationList;
			buildConfigurations = (
				E2A3C71F2578196F006D1B01 /* Debug */,
				E2A3C7202578196F006D1B01 /* Release */,
			);
			defaultConfigurationIsVisible = 0;
			defaultConfigurationName = Release;
		};
/* End XCConfigurationList section */
	};
	rootObject = E2A3C6E62578196E006D1B01 /* Project object */;
}
